// !$*UTF8*$!
{
	archiveVersion = 1;
	classes = {
	};
	objectVersion = 56;
	objects = {

/* Begin PBXBuildFile section */
		D82594FC28AA3E3500A36359 /* Model.swift in Sources */ = {isa = PBXBuildFile; fileRef = D82594FB28AA3E3500A36359 /* Model.swift */; };
		D82594FE28AA3EA200A36359 /* Cell.swift in Sources */ = {isa = PBXBuildFile; fileRef = D82594FD28AA3EA200A36359 /* Cell.swift */; };
		D825950128AA3F7800A36359 /* Item.swift in Sources */ = {isa = PBXBuildFile; fileRef = D825950028AA3F7800A36359 /* Item.swift */; };
		D825950428AA443A00A36359 /* ItemsToolbar.swift in Sources */ = {isa = PBXBuildFile; fileRef = D825950328AA443A00A36359 /* ItemsToolbar.swift */; };
		D825950628AA45ED00A36359 /* SelectionToolbar.swift in Sources */ = {isa = PBXBuildFile; fileRef = D825950528AA45ED00A36359 /* SelectionToolbar.swift */; };
		D825950928AA46C000A36359 /* StateToolbar.swift in Sources */ = {isa = PBXBuildFile; fileRef = D825950828AA46C000A36359 /* StateToolbar.swift */; };
		D841632D28AA26FC007812D8 /* ExampleApp.swift in Sources */ = {isa = PBXBuildFile; fileRef = D841632C28AA26FC007812D8 /* ExampleApp.swift */; };
		D841632F28AA26FC007812D8 /* ContentView.swift in Sources */ = {isa = PBXBuildFile; fileRef = D841632E28AA26FC007812D8 /* ContentView.swift */; };
		D841633128AA26FE007812D8 /* Assets.xcassets in Resources */ = {isa = PBXBuildFile; fileRef = D841633028AA26FE007812D8 /* Assets.xcassets */; };
		D841633428AA26FE007812D8 /* Preview Assets.xcassets in Resources */ = {isa = PBXBuildFile; fileRef = D841633328AA26FE007812D8 /* Preview Assets.xcassets */; };
		D841633F28AA26FE007812D8 /* ExampleTests.swift in Sources */ = {isa = PBXBuildFile; fileRef = D841633E28AA26FE007812D8 /* ExampleTests.swift */; };
		D841634928AA26FE007812D8 /* ExampleUITests.swift in Sources */ = {isa = PBXBuildFile; fileRef = D841634828AA26FE007812D8 /* ExampleUITests.swift */; };
		D841634B28AA26FE007812D8 /* ExampleUITestsLaunchTests.swift in Sources */ = {isa = PBXBuildFile; fileRef = D841634A28AA26FE007812D8 /* ExampleUITestsLaunchTests.swift */; };
		D841635A28AA2819007812D8 /* Color.swift in Sources */ = {isa = PBXBuildFile; fileRef = D841635928AA2818007812D8 /* Color.swift */; };
		D841635D28AA283B007812D8 /* SelectableCollectionView in Frameworks */ = {isa = PBXBuildFile; productRef = D841635C28AA283B007812D8 /* SelectableCollectionView */; };
		D8C5D20728AACB2B001443BA /* LayoutMode.swift in Sources */ = {isa = PBXBuildFile; fileRef = D8C5D20628AACB2B001443BA /* LayoutMode.swift */; };
		D8C5D20928AACB75001443BA /* LayoutToolbar.swift in Sources */ = {isa = PBXBuildFile; fileRef = D8C5D20828AACB75001443BA /* LayoutToolbar.swift */; };
/* End PBXBuildFile section */

/* Begin PBXContainerItemProxy section */
		D841633B28AA26FE007812D8 /* PBXContainerItemProxy */ = {
			isa = PBXContainerItemProxy;
			containerPortal = D841632128AA26FC007812D8 /* Project object */;
			proxyType = 1;
			remoteGlobalIDString = D841632828AA26FC007812D8;
			remoteInfo = Example;
		};
		D841634528AA26FE007812D8 /* PBXContainerItemProxy */ = {
			isa = PBXContainerItemProxy;
			containerPortal = D841632128AA26FC007812D8 /* Project object */;
			proxyType = 1;
			remoteGlobalIDString = D841632828AA26FC007812D8;
			remoteInfo = Example;
		};
/* End PBXContainerItemProxy section */

/* Begin PBXFileReference section */
		D82594FB28AA3E3500A36359 /* Model.swift */ = {isa = PBXFileReference; lastKnownFileType = sourcecode.swift; path = Model.swift; sourceTree = "<group>"; };
		D82594FD28AA3EA200A36359 /* Cell.swift */ = {isa = PBXFileReference; lastKnownFileType = sourcecode.swift; path = Cell.swift; sourceTree = "<group>"; };
		D825950028AA3F7800A36359 /* Item.swift */ = {isa = PBXFileReference; lastKnownFileType = sourcecode.swift; path = Item.swift; sourceTree = "<group>"; };
		D825950328AA443A00A36359 /* ItemsToolbar.swift */ = {isa = PBXFileReference; lastKnownFileType = sourcecode.swift; path = ItemsToolbar.swift; sourceTree = "<group>"; };
		D825950528AA45ED00A36359 /* SelectionToolbar.swift */ = {isa = PBXFileReference; lastKnownFileType = sourcecode.swift; path = SelectionToolbar.swift; sourceTree = "<group>"; };
		D825950828AA46C000A36359 /* StateToolbar.swift */ = {isa = PBXFileReference; lastKnownFileType = sourcecode.swift; path = StateToolbar.swift; sourceTree = "<group>"; };
		D841632928AA26FC007812D8 /* Example.app */ = {isa = PBXFileReference; explicitFileType = wrapper.application; includeInIndex = 0; path = Example.app; sourceTree = BUILT_PRODUCTS_DIR; };
		D841632C28AA26FC007812D8 /* ExampleApp.swift */ = {isa = PBXFileReference; lastKnownFileType = sourcecode.swift; path = ExampleApp.swift; sourceTree = "<group>"; };
		D841632E28AA26FC007812D8 /* ContentView.swift */ = {isa = PBXFileReference; lastKnownFileType = sourcecode.swift; path = ContentView.swift; sourceTree = "<group>"; };
		D841633028AA26FE007812D8 /* Assets.xcassets */ = {isa = PBXFileReference; lastKnownFileType = folder.assetcatalog; path = Assets.xcassets; sourceTree = "<group>"; };
		D841633328AA26FE007812D8 /* Preview Assets.xcassets */ = {isa = PBXFileReference; lastKnownFileType = folder.assetcatalog; path = "Preview Assets.xcassets"; sourceTree = "<group>"; };
		D841633528AA26FE007812D8 /* Example.entitlements */ = {isa = PBXFileReference; lastKnownFileType = text.plist.entitlements; path = Example.entitlements; sourceTree = "<group>"; };
		D841633A28AA26FE007812D8 /* ExampleTests.xctest */ = {isa = PBXFileReference; explicitFileType = wrapper.cfbundle; includeInIndex = 0; path = ExampleTests.xctest; sourceTree = BUILT_PRODUCTS_DIR; };
		D841633E28AA26FE007812D8 /* ExampleTests.swift */ = {isa = PBXFileReference; lastKnownFileType = sourcecode.swift; path = ExampleTests.swift; sourceTree = "<group>"; };
		D841634428AA26FE007812D8 /* ExampleUITests.xctest */ = {isa = PBXFileReference; explicitFileType = wrapper.cfbundle; includeInIndex = 0; path = ExampleUITests.xctest; sourceTree = BUILT_PRODUCTS_DIR; };
		D841634828AA26FE007812D8 /* ExampleUITests.swift */ = {isa = PBXFileReference; lastKnownFileType = sourcecode.swift; path = ExampleUITests.swift; sourceTree = "<group>"; };
		D841634A28AA26FE007812D8 /* ExampleUITestsLaunchTests.swift */ = {isa = PBXFileReference; lastKnownFileType = sourcecode.swift; path = ExampleUITestsLaunchTests.swift; sourceTree = "<group>"; };
		D841635828AA2726007812D8 /* SelectableCollectionView */ = {isa = PBXFileReference; lastKnownFileType = wrapper; name = SelectableCollectionView; path = ..; sourceTree = "<group>"; };
		D841635928AA2818007812D8 /* Color.swift */ = {isa = PBXFileReference; fileEncoding = 4; lastKnownFileType = sourcecode.swift; path = Color.swift; sourceTree = "<group>"; };
		D8C5D20628AACB2B001443BA /* LayoutMode.swift */ = {isa = PBXFileReference; lastKnownFileType = sourcecode.swift; path = LayoutMode.swift; sourceTree = "<group>"; };
		D8C5D20828AACB75001443BA /* LayoutToolbar.swift */ = {isa = PBXFileReference; lastKnownFileType = sourcecode.swift; path = LayoutToolbar.swift; sourceTree = "<group>"; };
/* End PBXFileReference section */

/* Begin PBXFrameworksBuildPhase section */
		D841632628AA26FC007812D8 /* Frameworks */ = {
			isa = PBXFrameworksBuildPhase;
			buildActionMask = 2147483647;
			files = (
				D841635D28AA283B007812D8 /* SelectableCollectionView in Frameworks */,
			);
			runOnlyForDeploymentPostprocessing = 0;
		};
		D841633728AA26FE007812D8 /* Frameworks */ = {
			isa = PBXFrameworksBuildPhase;
			buildActionMask = 2147483647;
			files = (
			);
			runOnlyForDeploymentPostprocessing = 0;
		};
		D841634128AA26FE007812D8 /* Frameworks */ = {
			isa = PBXFrameworksBuildPhase;
			buildActionMask = 2147483647;
			files = (
			);
			runOnlyForDeploymentPostprocessing = 0;
		};
/* End PBXFrameworksBuildPhase section */

/* Begin PBXGroup section */
		D82594FA28AA3E0D00A36359 /* Extensions */ = {
			isa = PBXGroup;
			children = (
				D841635928AA2818007812D8 /* Color.swift */,
			);
			path = Extensions;
			sourceTree = "<group>";
		};
		D82594FF28AA3F6C00A36359 /* Model */ = {
			isa = PBXGroup;
			children = (
				D825950028AA3F7800A36359 /* Item.swift */,
				D8C5D20628AACB2B001443BA /* LayoutMode.swift */,
				D82594FB28AA3E3500A36359 /* Model.swift */,
			);
			path = Model;
			sourceTree = "<group>";
		};
		D825950228AA439300A36359 /* Toolbars */ = {
			isa = PBXGroup;
			children = (
				D825950328AA443A00A36359 /* ItemsToolbar.swift */,
				D8C5D20828AACB75001443BA /* LayoutToolbar.swift */,
				D825950528AA45ED00A36359 /* SelectionToolbar.swift */,
				D825950828AA46C000A36359 /* StateToolbar.swift */,
			);
			path = Toolbars;
			sourceTree = "<group>";
		};
		D825950728AA469600A36359 /* Views */ = {
			isa = PBXGroup;
			children = (
				D82594FD28AA3EA200A36359 /* Cell.swift */,
				D841632E28AA26FC007812D8 /* ContentView.swift */,
			);
			path = Views;
			sourceTree = "<group>";
		};
		D841632028AA26FC007812D8 = {
			isa = PBXGroup;
			children = (
				D841635728AA2726007812D8 /* Packages */,
				D841632B28AA26FC007812D8 /* Example */,
				D841633D28AA26FE007812D8 /* ExampleTests */,
				D841634728AA26FE007812D8 /* ExampleUITests */,
				D841632A28AA26FC007812D8 /* Products */,
				D841635B28AA283B007812D8 /* Frameworks */,
			);
			sourceTree = "<group>";
		};
		D841632A28AA26FC007812D8 /* Products */ = {
			isa = PBXGroup;
			children = (
				D841632928AA26FC007812D8 /* Example.app */,
				D841633A28AA26FE007812D8 /* ExampleTests.xctest */,
				D841634428AA26FE007812D8 /* ExampleUITests.xctest */,
			);
			name = Products;
			sourceTree = "<group>";
		};
		D841632B28AA26FC007812D8 /* Example */ = {
			isa = PBXGroup;
			children = (
				D841633528AA26FE007812D8 /* Example.entitlements */,
				D841632C28AA26FC007812D8 /* ExampleApp.swift */,
				D841633028AA26FE007812D8 /* Assets.xcassets */,
				D82594FA28AA3E0D00A36359 /* Extensions */,
				D82594FF28AA3F6C00A36359 /* Model */,
				D841633228AA26FE007812D8 /* Preview Content */,
				D825950228AA439300A36359 /* Toolbars */,
				D825950728AA469600A36359 /* Views */,
			);
			path = Example;
			sourceTree = "<group>";
		};
		D841633228AA26FE007812D8 /* Preview Content */ = {
			isa = PBXGroup;
			children = (
				D841633328AA26FE007812D8 /* Preview Assets.xcassets */,
			);
			path = "Preview Content";
			sourceTree = "<group>";
		};
		D841633D28AA26FE007812D8 /* ExampleTests */ = {
			isa = PBXGroup;
			children = (
				D841633E28AA26FE007812D8 /* ExampleTests.swift */,
			);
			path = ExampleTests;
			sourceTree = "<group>";
		};
		D841634728AA26FE007812D8 /* ExampleUITests */ = {
			isa = PBXGroup;
			children = (
				D841634828AA26FE007812D8 /* ExampleUITests.swift */,
				D841634A28AA26FE007812D8 /* ExampleUITestsLaunchTests.swift */,
			);
			path = ExampleUITests;
			sourceTree = "<group>";
		};
		D841635728AA2726007812D8 /* Packages */ = {
			isa = PBXGroup;
			children = (
				D841635828AA2726007812D8 /* SelectableCollectionView */,
			);
			name = Packages;
			sourceTree = "<group>";
		};
		D841635B28AA283B007812D8 /* Frameworks */ = {
			isa = PBXGroup;
			children = (
			);
			name = Frameworks;
			sourceTree = "<group>";
		};
/* End PBXGroup section */

/* Begin PBXNativeTarget section */
		D841632828AA26FC007812D8 /* Example */ = {
			isa = PBXNativeTarget;
			buildConfigurationList = D841634E28AA26FE007812D8 /* Build configuration list for PBXNativeTarget "Example" */;
			buildPhases = (
				D841632528AA26FC007812D8 /* Sources */,
				D841632628AA26FC007812D8 /* Frameworks */,
				D841632728AA26FC007812D8 /* Resources */,
			);
			buildRules = (
			);
			dependencies = (
			);
			name = Example;
			packageProductDependencies = (
				D841635C28AA283B007812D8 /* SelectableCollectionView */,
			);
			productName = Example;
			productReference = D841632928AA26FC007812D8 /* Example.app */;
			productType = "com.apple.product-type.application";
		};
		D841633928AA26FE007812D8 /* ExampleTests */ = {
			isa = PBXNativeTarget;
			buildConfigurationList = D841635128AA26FE007812D8 /* Build configuration list for PBXNativeTarget "ExampleTests" */;
			buildPhases = (
				D841633628AA26FE007812D8 /* Sources */,
				D841633728AA26FE007812D8 /* Frameworks */,
				D841633828AA26FE007812D8 /* Resources */,
			);
			buildRules = (
			);
			dependencies = (
				D841633C28AA26FE007812D8 /* PBXTargetDependency */,
			);
			name = ExampleTests;
			productName = ExampleTests;
			productReference = D841633A28AA26FE007812D8 /* ExampleTests.xctest */;
			productType = "com.apple.product-type.bundle.unit-test";
		};
		D841634328AA26FE007812D8 /* ExampleUITests */ = {
			isa = PBXNativeTarget;
			buildConfigurationList = D841635428AA26FE007812D8 /* Build configuration list for PBXNativeTarget "ExampleUITests" */;
			buildPhases = (
				D841634028AA26FE007812D8 /* Sources */,
				D841634128AA26FE007812D8 /* Frameworks */,
				D841634228AA26FE007812D8 /* Resources */,
			);
			buildRules = (
			);
			dependencies = (
				D841634628AA26FE007812D8 /* PBXTargetDependency */,
			);
			name = ExampleUITests;
			productName = ExampleUITests;
			productReference = D841634428AA26FE007812D8 /* ExampleUITests.xctest */;
			productType = "com.apple.product-type.bundle.ui-testing";
		};
/* End PBXNativeTarget section */

/* Begin PBXProject section */
		D841632128AA26FC007812D8 /* Project object */ = {
			isa = PBXProject;
			attributes = {
				BuildIndependentTargetsInParallel = 1;
				LastSwiftUpdateCheck = 1400;
				LastUpgradeCheck = 1400;
				TargetAttributes = {
					D841632828AA26FC007812D8 = {
						CreatedOnToolsVersion = 14.0;
					};
					D841633928AA26FE007812D8 = {
						CreatedOnToolsVersion = 14.0;
						TestTargetID = D841632828AA26FC007812D8;
					};
					D841634328AA26FE007812D8 = {
						CreatedOnToolsVersion = 14.0;
						TestTargetID = D841632828AA26FC007812D8;
					};
				};
			};
			buildConfigurationList = D841632428AA26FC007812D8 /* Build configuration list for PBXProject "Example" */;
			compatibilityVersion = "Xcode 14.0";
			developmentRegion = en;
			hasScannedForEncodings = 0;
			knownRegions = (
				en,
				Base,
			);
			mainGroup = D841632028AA26FC007812D8;
			productRefGroup = D841632A28AA26FC007812D8 /* Products */;
			projectDirPath = "";
			projectRoot = "";
			targets = (
				D841632828AA26FC007812D8 /* Example */,
				D841633928AA26FE007812D8 /* ExampleTests */,
				D841634328AA26FE007812D8 /* ExampleUITests */,
			);
		};
/* End PBXProject section */

/* Begin PBXResourcesBuildPhase section */
		D841632728AA26FC007812D8 /* Resources */ = {
			isa = PBXResourcesBuildPhase;
			buildActionMask = 2147483647;
			files = (
				D841633428AA26FE007812D8 /* Preview Assets.xcassets in Resources */,
				D841633128AA26FE007812D8 /* Assets.xcassets in Resources */,
			);
			runOnlyForDeploymentPostprocessing = 0;
		};
		D841633828AA26FE007812D8 /* Resources */ = {
			isa = PBXResourcesBuildPhase;
			buildActionMask = 2147483647;
			files = (
			);
			runOnlyForDeploymentPostprocessing = 0;
		};
		D841634228AA26FE007812D8 /* Resources */ = {
			isa = PBXResourcesBuildPhase;
			buildActionMask = 2147483647;
			files = (
			);
			runOnlyForDeploymentPostprocessing = 0;
		};
/* End PBXResourcesBuildPhase section */

/* Begin PBXSourcesBuildPhase section */
		D841632528AA26FC007812D8 /* Sources */ = {
			isa = PBXSourcesBuildPhase;
			buildActionMask = 2147483647;
			files = (
				D82594FE28AA3EA200A36359 /* Cell.swift in Sources */,
				D841632F28AA26FC007812D8 /* ContentView.swift in Sources */,
				D825950628AA45ED00A36359 /* SelectionToolbar.swift in Sources */,
				D841632D28AA26FC007812D8 /* ExampleApp.swift in Sources */,
				D8C5D20928AACB75001443BA /* LayoutToolbar.swift in Sources */,
				D8C5D20728AACB2B001443BA /* LayoutMode.swift in Sources */,
				D825950428AA443A00A36359 /* ItemsToolbar.swift in Sources */,
				D841635A28AA2819007812D8 /* Color.swift in Sources */,
				D825950928AA46C000A36359 /* StateToolbar.swift in Sources */,
				D825950128AA3F7800A36359 /* Item.swift in Sources */,
				D82594FC28AA3E3500A36359 /* Model.swift in Sources */,
			);
			runOnlyForDeploymentPostprocessing = 0;
		};
		D841633628AA26FE007812D8 /* Sources */ = {
			isa = PBXSourcesBuildPhase;
			buildActionMask = 2147483647;
			files = (
				D841633F28AA26FE007812D8 /* ExampleTests.swift in Sources */,
			);
			runOnlyForDeploymentPostprocessing = 0;
		};
		D841634028AA26FE007812D8 /* Sources */ = {
			isa = PBXSourcesBuildPhase;
			buildActionMask = 2147483647;
			files = (
				D841634928AA26FE007812D8 /* ExampleUITests.swift in Sources */,
				D841634B28AA26FE007812D8 /* ExampleUITestsLaunchTests.swift in Sources */,
			);
			runOnlyForDeploymentPostprocessing = 0;
		};
/* End PBXSourcesBuildPhase section */

/* Begin PBXTargetDependency section */
		D841633C28AA26FE007812D8 /* PBXTargetDependency */ = {
			isa = PBXTargetDependency;
			target = D841632828AA26FC007812D8 /* Example */;
			targetProxy = D841633B28AA26FE007812D8 /* PBXContainerItemProxy */;
		};
		D841634628AA26FE007812D8 /* PBXTargetDependency */ = {
			isa = PBXTargetDependency;
			target = D841632828AA26FC007812D8 /* Example */;
			targetProxy = D841634528AA26FE007812D8 /* PBXContainerItemProxy */;
		};
/* End PBXTargetDependency section */

/* Begin XCBuildConfiguration section */
		D841634C28AA26FE007812D8 /* Debug */ = {
			isa = XCBuildConfiguration;
			buildSettings = {
				ALWAYS_SEARCH_USER_PATHS = NO;
				CLANG_ANALYZER_NONNULL = YES;
				CLANG_ANALYZER_NUMBER_OBJECT_CONVERSION = YES_AGGRESSIVE;
				CLANG_CXX_LANGUAGE_STANDARD = "gnu++20";
				CLANG_ENABLE_MODULES = YES;
				CLANG_ENABLE_OBJC_ARC = YES;
				CLANG_ENABLE_OBJC_WEAK = YES;
				CLANG_WARN_BLOCK_CAPTURE_AUTORELEASING = YES;
				CLANG_WARN_BOOL_CONVERSION = YES;
				CLANG_WARN_COMMA = YES;
				CLANG_WARN_CONSTANT_CONVERSION = YES;
				CLANG_WARN_DEPRECATED_OBJC_IMPLEMENTATIONS = YES;
				CLANG_WARN_DIRECT_OBJC_ISA_USAGE = YES_ERROR;
				CLANG_WARN_DOCUMENTATION_COMMENTS = YES;
				CLANG_WARN_EMPTY_BODY = YES;
				CLANG_WARN_ENUM_CONVERSION = YES;
				CLANG_WARN_INFINITE_RECURSION = YES;
				CLANG_WARN_INT_CONVERSION = YES;
				CLANG_WARN_NON_LITERAL_NULL_CONVERSION = YES;
				CLANG_WARN_OBJC_IMPLICIT_RETAIN_SELF = YES;
				CLANG_WARN_OBJC_LITERAL_CONVERSION = YES;
				CLANG_WARN_OBJC_ROOT_CLASS = YES_ERROR;
				CLANG_WARN_QUOTED_INCLUDE_IN_FRAMEWORK_HEADER = YES;
				CLANG_WARN_RANGE_LOOP_ANALYSIS = YES;
				CLANG_WARN_STRICT_PROTOTYPES = YES;
				CLANG_WARN_SUSPICIOUS_MOVE = YES;
				CLANG_WARN_UNGUARDED_AVAILABILITY = YES_AGGRESSIVE;
				CLANG_WARN_UNREACHABLE_CODE = YES;
				CLANG_WARN__DUPLICATE_METHOD_MATCH = YES;
				COPY_PHASE_STRIP = NO;
				DEBUG_INFORMATION_FORMAT = dwarf;
				ENABLE_STRICT_OBJC_MSGSEND = YES;
				ENABLE_TESTABILITY = YES;
				GCC_C_LANGUAGE_STANDARD = gnu11;
				GCC_DYNAMIC_NO_PIC = NO;
				GCC_NO_COMMON_BLOCKS = YES;
				GCC_OPTIMIZATION_LEVEL = 0;
				GCC_PREPROCESSOR_DEFINITIONS = (
					"DEBUG=1",
					"$(inherited)",
				);
				GCC_WARN_64_TO_32_BIT_CONVERSION = YES;
				GCC_WARN_ABOUT_RETURN_TYPE = YES_ERROR;
				GCC_WARN_UNDECLARED_SELECTOR = YES;
				GCC_WARN_UNINITIALIZED_AUTOS = YES_AGGRESSIVE;
				GCC_WARN_UNUSED_FUNCTION = YES;
				GCC_WARN_UNUSED_VARIABLE = YES;
				MACOSX_DEPLOYMENT_TARGET = 13.0;
				MTL_ENABLE_DEBUG_INFO = INCLUDE_SOURCE;
				MTL_FAST_MATH = YES;
				ONLY_ACTIVE_ARCH = YES;
				SDKROOT = macosx;
				SWIFT_ACTIVE_COMPILATION_CONDITIONS = DEBUG;
				SWIFT_OPTIMIZATION_LEVEL = "-Onone";
			};
			name = Debug;
		};
		D841634D28AA26FE007812D8 /* Release */ = {
			isa = XCBuildConfiguration;
			buildSettings = {
				ALWAYS_SEARCH_USER_PATHS = NO;
				CLANG_ANALYZER_NONNULL = YES;
				CLANG_ANALYZER_NUMBER_OBJECT_CONVERSION = YES_AGGRESSIVE;
				CLANG_CXX_LANGUAGE_STANDARD = "gnu++20";
				CLANG_ENABLE_MODULES = YES;
				CLANG_ENABLE_OBJC_ARC = YES;
				CLANG_ENABLE_OBJC_WEAK = YES;
				CLANG_WARN_BLOCK_CAPTURE_AUTORELEASING = YES;
				CLANG_WARN_BOOL_CONVERSION = YES;
				CLANG_WARN_COMMA = YES;
				CLANG_WARN_CONSTANT_CONVERSION = YES;
				CLANG_WARN_DEPRECATED_OBJC_IMPLEMENTATIONS = YES;
				CLANG_WARN_DIRECT_OBJC_ISA_USAGE = YES_ERROR;
				CLANG_WARN_DOCUMENTATION_COMMENTS = YES;
				CLANG_WARN_EMPTY_BODY = YES;
				CLANG_WARN_ENUM_CONVERSION = YES;
				CLANG_WARN_INFINITE_RECURSION = YES;
				CLANG_WARN_INT_CONVERSION = YES;
				CLANG_WARN_NON_LITERAL_NULL_CONVERSION = YES;
				CLANG_WARN_OBJC_IMPLICIT_RETAIN_SELF = YES;
				CLANG_WARN_OBJC_LITERAL_CONVERSION = YES;
				CLANG_WARN_OBJC_ROOT_CLASS = YES_ERROR;
				CLANG_WARN_QUOTED_INCLUDE_IN_FRAMEWORK_HEADER = YES;
				CLANG_WARN_RANGE_LOOP_ANALYSIS = YES;
				CLANG_WARN_STRICT_PROTOTYPES = YES;
				CLANG_WARN_SUSPICIOUS_MOVE = YES;
				CLANG_WARN_UNGUARDED_AVAILABILITY = YES_AGGRESSIVE;
				CLANG_WARN_UNREACHABLE_CODE = YES;
				CLANG_WARN__DUPLICATE_METHOD_MATCH = YES;
				COPY_PHASE_STRIP = NO;
				DEBUG_INFORMATION_FORMAT = "dwarf-with-dsym";
				ENABLE_NS_ASSERTIONS = NO;
				ENABLE_STRICT_OBJC_MSGSEND = YES;
				GCC_C_LANGUAGE_STANDARD = gnu11;
				GCC_NO_COMMON_BLOCKS = YES;
				GCC_WARN_64_TO_32_BIT_CONVERSION = YES;
				GCC_WARN_ABOUT_RETURN_TYPE = YES_ERROR;
				GCC_WARN_UNDECLARED_SELECTOR = YES;
				GCC_WARN_UNINITIALIZED_AUTOS = YES_AGGRESSIVE;
				GCC_WARN_UNUSED_FUNCTION = YES;
				GCC_WARN_UNUSED_VARIABLE = YES;
				MACOSX_DEPLOYMENT_TARGET = 13.0;
				MTL_ENABLE_DEBUG_INFO = NO;
				MTL_FAST_MATH = YES;
				SDKROOT = macosx;
				SWIFT_COMPILATION_MODE = wholemodule;
				SWIFT_OPTIMIZATION_LEVEL = "-O";
			};
			name = Release;
		};
		D841634F28AA26FE007812D8 /* Debug */ = {
			isa = XCBuildConfiguration;
			buildSettings = {
				ASSETCATALOG_COMPILER_APPICON_NAME = AppIcon;
				ASSETCATALOG_COMPILER_GLOBAL_ACCENT_COLOR_NAME = AccentColor;
				CODE_SIGN_ENTITLEMENTS = Example/Example.entitlements;
				CODE_SIGN_STYLE = Automatic;
				COMBINE_HIDPI_IMAGES = YES;
				CURRENT_PROJECT_VERSION = 1;
				DEVELOPMENT_ASSET_PATHS = "\"Example/Preview Content\"";
				DEVELOPMENT_TEAM = QS82QFHKWB;
				ENABLE_PREVIEWS = YES;
				GENERATE_INFOPLIST_FILE = YES;
				INFOPLIST_KEY_NSHumanReadableCopyright = "";
				LD_RUNPATH_SEARCH_PATHS = (
					"$(inherited)",
					"@executable_path/../Frameworks",
				);
				MARKETING_VERSION = 1.0;
				PRODUCT_BUNDLE_IDENTIFIER = uk.co.inseven.Example;
				PRODUCT_NAME = "$(TARGET_NAME)";
				SWIFT_EMIT_LOC_STRINGS = YES;
				SWIFT_VERSION = 5.0;
			};
			name = Debug;
		};
		D841635028AA26FE007812D8 /* Release */ = {
			isa = XCBuildConfiguration;
			buildSettings = {
				ASSETCATALOG_COMPILER_APPICON_NAME = AppIcon;
				ASSETCATALOG_COMPILER_GLOBAL_ACCENT_COLOR_NAME = AccentColor;
				CODE_SIGN_ENTITLEMENTS = Example/Example.entitlements;
				CODE_SIGN_STYLE = Automatic;
				COMBINE_HIDPI_IMAGES = YES;
				CURRENT_PROJECT_VERSION = 1;
				DEVELOPMENT_ASSET_PATHS = "\"Example/Preview Content\"";
				ENABLE_PREVIEWS = YES;
				GENERATE_INFOPLIST_FILE = YES;
				INFOPLIST_KEY_NSHumanReadableCopyright = "";
				LD_RUNPATH_SEARCH_PATHS = (
					"$(inherited)",
					"@executable_path/../Frameworks",
				);
				MARKETING_VERSION = 1.0;
				PRODUCT_BUNDLE_IDENTIFIER = uk.co.inseven.Example;
				PRODUCT_NAME = "$(TARGET_NAME)";
				SWIFT_EMIT_LOC_STRINGS = YES;
				SWIFT_VERSION = 5.0;
			};
			name = Release;
		};
		D841635228AA26FE007812D8 /* Debug */ = {
			isa = XCBuildConfiguration;
			buildSettings = {
				ALWAYS_EMBED_SWIFT_STANDARD_LIBRARIES = YES;
				BUNDLE_LOADER = "$(TEST_HOST)";
				CODE_SIGN_STYLE = Automatic;
				CURRENT_PROJECT_VERSION = 1;
				GENERATE_INFOPLIST_FILE = YES;
				MACOSX_DEPLOYMENT_TARGET = 13.0;
				MARKETING_VERSION = 1.0;
				PRODUCT_BUNDLE_IDENTIFIER = uk.co.inseven.ExampleTests;
				PRODUCT_NAME = "$(TARGET_NAME)";
				SWIFT_EMIT_LOC_STRINGS = NO;
				SWIFT_VERSION = 5.0;
				TEST_HOST = "$(BUILT_PRODUCTS_DIR)/Example.app/$(BUNDLE_EXECUTABLE_FOLDER_PATH)/Example";
			};
			name = Debug;
		};
		D841635328AA26FE007812D8 /* Release */ = {
			isa = XCBuildConfiguration;
			buildSettings = {
				ALWAYS_EMBED_SWIFT_STANDARD_LIBRARIES = YES;
				BUNDLE_LOADER = "$(TEST_HOST)";
				CODE_SIGN_STYLE = Automatic;
				CURRENT_PROJECT_VERSION = 1;
				GENERATE_INFOPLIST_FILE = YES;
				MACOSX_DEPLOYMENT_TARGET = 13.0;
				MARKETING_VERSION = 1.0;
				PRODUCT_BUNDLE_IDENTIFIER = uk.co.inseven.ExampleTests;
				PRODUCT_NAME = "$(TARGET_NAME)";
				SWIFT_EMIT_LOC_STRINGS = NO;
				SWIFT_VERSION = 5.0;
				TEST_HOST = "$(BUILT_PRODUCTS_DIR)/Example.app/$(BUNDLE_EXECUTABLE_FOLDER_PATH)/Example";
			};
			name = Release;
		};
		D841635528AA26FE007812D8 /* Debug */ = {
			isa = XCBuildConfiguration;
			buildSettings = {
				ALWAYS_EMBED_SWIFT_STANDARD_LIBRARIES = YES;
				CODE_SIGN_STYLE = Automatic;
				CURRENT_PROJECT_VERSION = 1;
				GENERATE_INFOPLIST_FILE = YES;
				MARKETING_VERSION = 1.0;
				PRODUCT_BUNDLE_IDENTIFIER = uk.co.inseven.ExampleUITests;
				PRODUCT_NAME = "$(TARGET_NAME)";
				SWIFT_EMIT_LOC_STRINGS = NO;
				SWIFT_VERSION = 5.0;
				TEST_TARGET_NAME = Example;
			};
			name = Debug;
		};
		D841635628AA26FE007812D8 /* Release */ = {
			isa = XCBuildConfiguration;
			buildSettings = {
				ALWAYS_EMBED_SWIFT_STANDARD_LIBRARIES = YES;
				CODE_SIGN_STYLE = Automatic;
				CURRENT_PROJECT_VERSION = 1;
				GENERATE_INFOPLIST_FILE = YES;
				MARKETING_VERSION = 1.0;
				PRODUCT_BUNDLE_IDENTIFIER = uk.co.inseven.ExampleUITests;
				PRODUCT_NAME = "$(TARGET_NAME)";
				SWIFT_EMIT_LOC_STRINGS = NO;
				SWIFT_VERSION = 5.0;
				TEST_TARGET_NAME = Example;
			};
			name = Release;
		};
/* End XCBuildConfiguration section */

/* Begin XCConfigurationList section */
		D841632428AA26FC007812D8 /* Build configuration list for PBXProject "Example" */ = {
			isa = XCConfigurationList;
			buildConfigurations = (
				D841634C28AA26FE007812D8 /* Debug */,
				D841634D28AA26FE007812D8 /* Release */,
			);
			defaultConfigurationIsVisible = 0;
			defaultConfigurationName = Release;
		};
		D841634E28AA26FE007812D8 /* Build configuration list for PBXNativeTarget "Example" */ = {
			isa = XCConfigurationList;
			buildConfigurations = (
				D841634F28AA26FE007812D8 /* Debug */,
				D841635028AA26FE007812D8 /* Release */,
			);
			defaultConfigurationIsVisible = 0;
			defaultConfigurationName = Release;
		};
		D841635128AA26FE007812D8 /* Build configuration list for PBXNativeTarget "ExampleTests" */ = {
			isa = XCConfigurationList;
			buildConfigurations = (
				D841635228AA26FE007812D8 /* Debug */,
				D841635328AA26FE007812D8 /* Release */,
			);
			defaultConfigurationIsVisible = 0;
			defaultConfigurationName = Release;
		};
		D841635428AA26FE007812D8 /* Build configuration list for PBXNativeTarget "ExampleUITests" */ = {
			isa = XCConfigurationList;
			buildConfigurations = (
				D841635528AA26FE007812D8 /* Debug */,
				D841635628AA26FE007812D8 /* Release */,
			);
			defaultConfigurationIsVisible = 0;
			defaultConfigurationName = Release;
		};
/* End XCConfigurationList section */

/* Begin XCSwiftPackageProductDependency section */
		D841635C28AA283B007812D8 /* SelectableCollectionView */ = {
			isa = XCSwiftPackageProductDependency;
			productName = SelectableCollectionView;
		};
/* End XCSwiftPackageProductDependency section */
	};
	rootObject = D841632128AA26FC007812D8 /* Project object */;
}
